<Solution>
  <Project Path="Mellow.Narrator.PipelineTester/Mellow.Narrator.PipelineTester.csproj" />
  <Project Path="Mellow.Narrator.Core/Mellow.Narrator.Core.csproj" />
  <Project Path="Mellow.Narrator.MauiBlazor/Mellow.Narrator.MauiBlazor.csproj" />
  <Project Path="Mellow.Narrator.OpenAiCompatible/Mellow.Narrator.OpenAiCompatible.csproj" />
  <Project Path="Mellow.Narrator.Persistence/Mellow.Narrator.Persistence.csproj" />
  <Project Path="Mellow.Narrator.Tests/Mellow.Narrator.Tests.csproj" />
</Solution>
