{
  "version": 2,
  "dependencies": {
    "net10.0-windows10.0.19041": {
      "CommunityToolkit.Maui.Core": {
        "type": "Direct",
        "requested": "[13.0.0, )",
        "resolved": "13.0.0",
        "contentHash": "euega0VzzYOR7CuqIHTaa5pHK/Qjo8KUPHwoPlLftkdEPXzFguLKO5eb/MLPXbf74nf9ReUZc6/nSh2rjLAMQQ==",
        "dependencies": {
          "Microsoft.Maui.Core": "10.0.10",
          "Microsoft.Maui.Essentials": "10.0.10",
          "System.Speech": "9.0.5"
        }
      },
      "Microsoft.Maui.Controls": {
        "type": "Direct",
        "requested": "[10.0.20, )",
        "resolved": "10.0.20",
        "contentHash": "c/Tsp1TGBQNkqpKd/aNkTnFV0FOtjyMyV04Naigg/7MphJwdc0ZI0Dw2P0TvC+tm//Ut+SnviTqlDow6V4tSmA==",
        "dependencies": {
          "Microsoft.Maui.Controls.Build.Tasks": "10.0.20",
          "Microsoft.Maui.Controls.Core": "10.0.20",
          "Microsoft.Maui.Controls.Xaml": "10.0.20",
          "Microsoft.Maui.Resizetizer": "10.0.20"
        }
      },
      "Microsoft.WindowsAppSDK": {
        "type": "Direct",
        "requested": "[1.8.260508005, )",
        "resolved": "1.8.260508005",
        "contentHash": "+aA+zrvqJKgsn/1TPOSR0Uy7dkMO5jI/+cDWPu2pWmXe4KQxYkR8gQFY9IrfbgCxxSd/yl1zMcAKD/4HBbNqaw==",
        "dependencies": {
          "Microsoft.WindowsAppSDK.AI": "[1.8.76]",
          "Microsoft.WindowsAppSDK.Base": "[1.8.251216001]",
          "Microsoft.WindowsAppSDK.DWrite": "[1.8.25122902]",
          "Microsoft.WindowsAppSDK.Foundation": "[1.8.260505001]",
          "Microsoft.WindowsAppSDK.InteractiveExperiences": "[1.8.260430001]",
          "Microsoft.WindowsAppSDK.ML": "[1.8.2197]",
          "Microsoft.WindowsAppSDK.Runtime": "[1.8.260508005]",
          "Microsoft.WindowsAppSDK.Widgets": "[1.8.251231004]",
          "Microsoft.WindowsAppSDK.WinUI": "[1.8.260505002]"
        }
      },
      "Microsoft.Extensions.Configuration": {
        "type": "Transitive",
        "resolved": "10.0.0",
        "contentHash": "H4SWETCh/cC5L1WtWchHR6LntGk3rDTTznZMssr4cL8IbDmMWBxY+MOGDc/ASnqNolLKPIWHWeuC1ddiL/iNPw==",
        "dependencies": {
          "Microsoft.Extensions.Configuration.Abstractions": "10.0.0",
          "Microsoft.Extensions.Primitives": "10.0.0"
        }
      },
      "Microsoft.Extensions.Configuration.Abstractions": {
        "type": "Transitive",
        "resolved": "10.0.0",
        "contentHash": "d2kDKnCsJvY7mBVhcjPSp9BkJk48DsaHPg5u+Oy4f8XaOqnEedRy/USyvnpHL92wpJ6DrTPy7htppUUzskbCXQ==",
        "dependencies": {
          "Microsoft.Extensions.Primitives": "10.0.0"
        }
      },
      "Microsoft.Extensions.Configuration.Binder": {
        "type": "Transitive",
        "resolved": "10.0.0",
        "contentHash": "tMF9wNh+hlyYDWB8mrFCQHQmWHlRosol1b/N2Jrefy1bFLnuTlgSYmPyHNmz8xVQgs7DpXytBRWxGhG+mSTp0g==",
        "dependencies": {
          "Microsoft.Extensions.Configuration": "10.0.0",
          "Microsoft.Extensions.Configuration.Abstractions": "10.0.0"
        }
      },
      "Microsoft.Extensions.Diagnostics": {
        "type": "Transitive",
        "resolved": "10.0.0",
        "contentHash": "xjkxIPgrT0mKTfBwb+CVqZnRchyZgzKIfDQOp8z+WUC6vPe3WokIf71z+hJPkH0YBUYJwa7Z/al1R087ib9oiw==",
        "dependencies": {
          "Microsoft.Extensions.Configuration": "10.0.0",
          "Microsoft.Extensions.Diagnostics.Abstractions": "10.0.0",
          "Microsoft.Extensions.Options.ConfigurationExtensions": "10.0.0"
        }
      },
      "Microsoft.Extensions.Diagnostics.Abstractions": {
        "type": "Transitive",
        "resolved": "10.0.0",
        "contentHash": "SfK89ytD61S7DgzorFljSkUeluC1ncn6dtZgwc0ot39f/BEYWBl5jpgvodxduoYAs1d9HG8faCDRZxE95UMo2A==",
        "dependencies": {
          "Microsoft.Extensions.DependencyInjection.Abstractions": "10.0.0",
          "Microsoft.Extensions.Options": "10.0.0"
        }
      },
      "Microsoft.Extensions.FileProviders.Abstractions": {
        "type": "Transitive",
        "resolved": "10.0.0",
        "contentHash": "/ppSdehKk3fuXjlqCDgSOtjRK/pSHU8eWgzSHfHdwVm5BP4Dgejehkw+PtxKG2j98qTDEHDst2Y99aNsmJldmw==",
        "dependencies": {
          "Microsoft.Extensions.Primitives": "10.0.0"
        }
      },
      "Microsoft.Extensions.Hosting.Abstractions": {
        "type": "Transitive",
        "resolved": "10.0.0",
        "contentHash": "KrN6TGFwCwqOkLLk/idW/XtDQh+8In+CL9T4M1Dx+5ScsjTq4TlVbal8q532m82UYrMr6RiQJF2HvYCN0QwVsA==",
        "dependencies": {
          "Microsoft.Extensions.Configuration.Abstractions": "10.0.0",
          "Microsoft.Extensions.DependencyInjection.Abstractions": "10.0.0",
          "Microsoft.Extensions.Diagnostics.Abstractions": "10.0.0",
          "Microsoft.Extensions.FileProviders.Abstractions": "10.0.0",
          "Microsoft.Extensions.Logging.Abstractions": "10.0.0"
        }
      },
      "Microsoft.Extensions.Options": {
        "type": "Transitive",
        "resolved": "10.0.0",
        "contentHash": "8oCAgXOow5XDrY9HaXX1QmH3ORsyZO/ANVHBlhLyCeWTH5Sg4UuqZeOTWJi6484M+LqSx0RqQXDJtdYy2BNiLQ==",
        "dependencies": {
          "Microsoft.Extensions.DependencyInjection.Abstractions": "10.0.0",
          "Microsoft.Extensions.Primitives": "10.0.0"
        }
      },
      "Microsoft.Extensions.Options.ConfigurationExtensions": {
        "type": "Transitive",
        "resolved": "10.0.0",
        "contentHash": "tL9cSl3maS5FPzp/3MtlZI21ExWhni0nnUCF8HY4npTsINw45n9SNDbkKXBMtFyUFGSsQep25fHIDN4f/Vp3AQ==",
        "dependencies": {
          "Microsoft.Extensions.Configuration.Abstractions": "10.0.0",
          "Microsoft.Extensions.Configuration.Binder": "10.0.0",
          "Microsoft.Extensions.DependencyInjection.Abstractions": "10.0.0",
          "Microsoft.Extensions.Options": "10.0.0",
          "Microsoft.Extensions.Primitives": "10.0.0"
        }
      },
      "Microsoft.Extensions.Primitives": {
        "type": "Transitive",
        "resolved": "10.0.0",
        "contentHash": "inRnbpCS0nwO/RuoZIAqxQUuyjaknOOnCEZB55KSMMjRhl0RQDttSmLSGsUJN3RQ3ocf5NDLFd2mOQViHqMK5w=="
      },
      "Microsoft.Graphics.Win2D": {
        "type": "Transitive",
        "resolved": "1.3.2",
        "contentHash": "xAv4+Xj8wePW1innIUSXebX6UHMGDzOxwKPwYNUNY7mBrsRL/hPFEtuPLpBSxc3iBnuaCogPDCDeN7T4b1xV0Q==",
        "dependencies": {
          "Microsoft.WindowsAppSDK": "1.6.241114003"
        }
      },
      "Microsoft.IO.RecyclableMemoryStream": {
        "type": "Transitive",
        "resolved": "3.0.1",
        "contentHash": "s/s20YTVY9r9TPfTrN5g8zPF1YhwxyqO6PxUkrYTGI2B+OGPe9AdajWZrLhFqXIvqIW23fnUE4+ztrUWNU1+9g=="
      },
      "Microsoft.Maui.Controls.Build.Tasks": {
        "type": "Transitive",
        "resolved": "10.0.20",
        "contentHash": "vQsyfUHHSkh9O9lxOcJBDEUxtS+VphI3uxYOB73AZURcj5CpZ0DfLiPKG9SBrp2PkiIFbXPJ2ABbpzMvZVliRw==",
        "dependencies": {
          "Microsoft.Maui.Controls.Core": "10.0.20",
          "Microsoft.Maui.Controls.Xaml": "10.0.20"
        }
      },
      "Microsoft.Maui.Controls.Core": {
        "type": "Transitive",
        "resolved": "10.0.20",
        "contentHash": "Go8C7a0QaGiQ2EBMsxbbm52DI5+HipgT7C9AslfyfkCU8/H6gicLsPUxae5r9TyrZbgsw5KUnnPEUPJlUwtBcw==",
        "dependencies": {
          "Microsoft.Extensions.Configuration": "10.0.0",
          "Microsoft.Extensions.DependencyInjection": "10.0.0",
          "Microsoft.Extensions.Logging": "10.0.0",
          "Microsoft.Extensions.Logging.Abstractions": "10.0.0",
          "Microsoft.Maui.Core": "10.0.20"
        }
      },
      "Microsoft.Maui.Controls.Xaml": {
        "type": "Transitive",
        "resolved": "10.0.20",
        "contentHash": "Ih2rMfJ5B8HbFeNgwsOi31Ngo1A31Zixl8lEuJME+7mXE8VFwVcZcfeKljKG0XTULWxe4/ALZ/nL5tTMMjIFnw==",
        "dependencies": {
          "Microsoft.Extensions.Configuration": "10.0.0",
          "Microsoft.Maui.Controls.Core": "10.0.20",
          "Microsoft.Maui.Core": "10.0.20"
        }
      },
      "Microsoft.Maui.Core": {
        "type": "Transitive",
        "resolved": "10.0.20",
        "contentHash": "xbrQSNTMJzwpR80ga7eWVTU544NJUJM6zXdmfx1LenuizoFc8oejr1nJ1zRgISTQ0ZuQEs6flF72DyF/YemP8w==",
        "dependencies": {
          "Microsoft.Extensions.Configuration": "10.0.0",
          "Microsoft.Extensions.DependencyInjection": "10.0.0",
          "Microsoft.Extensions.Hosting.Abstractions": "10.0.0",
          "Microsoft.Extensions.Logging": "10.0.0",
          "Microsoft.Extensions.Logging.Abstractions": "10.0.0",
          "Microsoft.Graphics.Win2D": "1.3.2",
          "Microsoft.Maui.Essentials": "10.0.20",
          "Microsoft.Maui.Graphics": "10.0.20",
          "Microsoft.Maui.Graphics.Win2D.WinUI.Desktop": "10.0.20",
          "Microsoft.Web.WebView2": "1.0.3179.45",
          "Microsoft.Windows.SDK.BuildTools": "10.0.22621.756",
          "Microsoft.WindowsAppSDK": "1.7.250909003"
        }
      },
      "Microsoft.Maui.Essentials": {
        "type": "Transitive",
        "resolved": "10.0.20",
        "contentHash": "jalsUhCCL+T5qng/OXAkJhSaV/Uhml3s4LLExx/RBVz4z/kSIOjyXLkV/O66BBUxy/0nPFILeNx9p21TVqWrMg==",
        "dependencies": {
          "Microsoft.Maui.Graphics": "10.0.20",
          "Microsoft.Web.WebView2": "1.0.3179.45"
        }
      },
      "Microsoft.Maui.Graphics": {
        "type": "Transitive",
        "resolved": "10.0.20",
        "contentHash": "X1IfBjN/0KcrcbaDU47xNrZufQeI/PJyBVPxt+3a/yNDhduGS+jlihi4sByil7E4VbQTFVPxclevnbhLtWxNQw==",
        "dependencies": {
          "Microsoft.Graphics.Win2D": "1.3.2",
          "Microsoft.IO.RecyclableMemoryStream": "3.0.1",
          "Microsoft.WindowsAppSDK": "1.7.250909003"
        }
      },
      "Microsoft.Maui.Graphics.Win2D.WinUI.Desktop": {
        "type": "Transitive",
        "resolved": "10.0.20",
        "contentHash": "3bvzJ0J8OD1csnfPkIiza0eDrgj2RSDLEVplI0Qfa7uKdYSSJIfreKZWaC7P2AgJioN6oFhEtZ2Zpnp4202Z9g==",
        "dependencies": {
          "Microsoft.Graphics.Win2D": "1.3.2",
          "Microsoft.Maui.Graphics": "10.0.20"
        }
      },
      "Microsoft.Maui.Resizetizer": {
        "type": "Transitive",
        "resolved": "10.0.20",
        "contentHash": "lqGi/HjtGPvmzqSR+Ii3ZHdvZj811+sBAxyN+T3jrvKBKd13wdVh9vZEfjmTUE5KA6+6W+6iRk5h62CY8pVogg=="
      },
      "Microsoft.Web.WebView2": {
        "type": "Transitive",
        "resolved": "1.0.3179.45",
        "contentHash": "3pokSH5CnN0G6rGhGFo1y87inxYhNxBQ2Vdf0wlvBj99KHxQJormjDACmqRnFeUsmuNFIhWwfAL1ztq7wD5qRA=="
      },
      "Microsoft.Windows.SDK.BuildTools": {
        "type": "Transitive",
        "resolved": "10.0.26100.4654",
        "contentHash": "2mgcOlj/t2RfSyyw+pVESfO+Tk1RkfQzto9Vrq42M1lUQIfQEwbi8QLha9GXWIOj+TFzeHIEJckIoF25mgiM8A=="
      },
      "Microsoft.Windows.SDK.BuildTools.MSIX": {
        "type": "Transitive",
        "resolved": "1.7.20250829.1",
        "contentHash": "IMdvRmCIZnBS5GkYnv0po1bcx6U1OF39pqA4TphQ9evDzpCRoSE19/PkDvlUNNrBavTsLIEJgd/TAIFner75ow=="
      },
      "Microsoft.WindowsAppSDK.AI": {
        "type": "Transitive",
        "resolved": "1.8.76",
        "contentHash": "Ayn9QybcwzH+c8eQlE7dm2oO3Jrcn2uohLcsHJpCbLOAfcisjzwtSBe0oyulbaJ86R4eDSX3RDS25tsjGpIqyQ==",
        "dependencies": {
          "Microsoft.WindowsAppSDK.Base": "1.8.251216001",
          "Microsoft.WindowsAppSDK.Foundation": "1.8.260501000"
        }
      },
      "Microsoft.WindowsAppSDK.Base": {
        "type": "Transitive",
        "resolved": "1.8.251216001",
        "contentHash": "PS1wriuFknz3W2F2P/e6RvOTM35w89Lsj/f0QmUEPrJjKnc+jM0JLX1vfdytI14y1gNRUTm9uclwP0aH/SVU5w==",
        "dependencies": {
          "Microsoft.Windows.SDK.BuildTools": "10.0.26100.4654",
          "Microsoft.Windows.SDK.BuildTools.MSIX": "1.7.20250829.1"
        }
      },
      "Microsoft.WindowsAppSDK.DWrite": {
        "type": "Transitive",
        "resolved": "1.8.25122902",
        "contentHash": "zFNn07i7Cyz62Y8FnPQAyzeZK7ww3m9t42i9pzy4C04pNbyUDQ4fG7pB6VSh6n4EyFuYtuFQuDzt4mKmXFrkrg==",
        "dependencies": {
          "Microsoft.WindowsAppSDK.Base": "1.8.251216001"
        }
      },
      "Microsoft.WindowsAppSDK.Foundation": {
        "type": "Transitive",
        "resolved": "1.8.260505001",
        "contentHash": "41SSoEn3sKKCAVPA/w18zVJwV1C7aDEkPS2f6Zyp19m27tDEmteEp0XS3Ln3b0ElYR4FfPEPvIDbJPSA9vePGw==",
        "dependencies": {
          "Microsoft.WindowsAppSDK.Base": "1.8.251216001",
          "Microsoft.WindowsAppSDK.InteractiveExperiences": "1.8.260430001"
        }
      },
      "Microsoft.WindowsAppSDK.InteractiveExperiences": {
        "type": "Transitive",
        "resolved": "1.8.260430001",
        "contentHash": "fTPCnQb3ZarMh9khlEfbLDllcZzK0tSP+2S6W/T4cPyLLSAmARm8Gd3AC5kqubnDjzTvG+1lNZ1bZGFsIHplJQ==",
        "dependencies": {
          "Microsoft.WindowsAppSDK.Base": "1.8.251216001"
        }
      },
      "Microsoft.WindowsAppSDK.ML": {
        "type": "Transitive",
        "resolved": "1.8.2197",
        "contentHash": "6Bc1SOLd5HicY3GbF+zr76YBfH4iZOKeEGxTK/lHKAK2ExZTWavOADxB2CKSi/irF4dWSngUdRFopWPmckJ6fA==",
        "dependencies": {
          "Microsoft.WindowsAppSDK.Base": "1.8.251216001",
          "Microsoft.WindowsAppSDK.Foundation": "1.8.260505001",
          "System.Numerics.Tensors": "9.0.0"
        }
      },
      "Microsoft.WindowsAppSDK.Runtime": {
        "type": "Transitive",
        "resolved": "1.8.260508005",
        "contentHash": "2JqXzA4heHSkkaXJNyEvYtpv2wsEUMhwQzgXmZsFmYSkUXSdeVc6hdHcWoBK1SY9l1Sjd1brLt7h16kIpgh2kA==",
        "dependencies": {
          "Microsoft.WindowsAppSDK.Base": "1.8.251216001"
        }
      },
      "Microsoft.WindowsAppSDK.Widgets": {
        "type": "Transitive",
        "resolved": "1.8.251231004",
        "contentHash": "bIWqQYR8DCoB1SoPOMil5AtgtkTn438wJTdpsHgyO/6o7Eh7PMP5BzrR0KbDsFqy+4LhPWQ4vtwko5k93fECcA==",
        "dependencies": {
          "Microsoft.WindowsAppSDK.Base": "1.8.251216001"
        }
      },
      "Microsoft.WindowsAppSDK.WinUI": {
        "type": "Transitive",
        "resolved": "1.8.260505002",
        "contentHash": "/hGl6EOmo8aeJR2bYbOmGhOicnJK4EY+u+cQI+jm8H1uXThfMX32DsfKOt9LkOcu8AKX3j5FpiBay8ObUSytIw==",
        "dependencies": {
          "Microsoft.Web.WebView2": "1.0.3179.45",
          "Microsoft.WindowsAppSDK.Base": "1.8.251216001",
          "Microsoft.WindowsAppSDK.Foundation": "1.8.260505001",
          "Microsoft.WindowsAppSDK.InteractiveExperiences": "1.8.260430001"
        }
      },
      "System.Numerics.Tensors": {
        "type": "Transitive",
        "resolved": "9.0.0",
        "contentHash": "hyJB4UlpAi19Xr9AXzu2NuagKC4lPfHObNMEAA0HmqFz2rX7wKgzeYzO/jM/eBHDhnUGFFEjk5cOoJaxqg5J4A=="
      },
      "System.Speech": {
        "type": "Transitive",
        "resolved": "9.0.5",
        "contentHash": "nPZ2rcEVaZlxaLwBamFzz8f5MVM7Y08kzmDbcedXgeSWCGS9NN8mFjSsuTZm3W5pQLI4QhHmcu4h7A0Wf+cD/Q=="
      },
      "mellow.narrator.core": {
        "type": "Project",
        "dependencies": {
          "Microsoft.Extensions.DependencyInjection.Abstractions": "[10.0.0, )",
          "Microsoft.Extensions.Logging.Abstractions": "[10.0.0, )"
        }
      },
      "mellow.narrator.openaicompatible": {
        "type": "Project",
        "dependencies": {
          "Mellow.Narrator.Core": "[1.0.0, )",
          "Microsoft.Extensions.Http": "[10.0.0, )"
        }
      },
      "mellow.narrator.persistence": {
        "type": "Project",
        "dependencies": {
          "Mellow.Narrator.Core": "[1.0.0, )",
          "Microsoft.Extensions.DependencyInjection.Abstractions": "[10.0.0, )",
          "Microsoft.Extensions.Logging": "[10.0.0, )"
        }
      },
      "Microsoft.Extensions.DependencyInjection": {
        "type": "CentralTransitive",
        "requested": "[10.0.0, )",
        "resolved": "10.0.0",
        "contentHash": "f0RBabswJq+gRu5a+hWIobrLWiUYPKMhCD9WO3sYBAdSy3FFH14LMvLVFZc2kPSCimBLxSuitUhsd6tb0TAY6A==",
        "dependencies": {
          "Microsoft.Extensions.DependencyInjection.Abstractions": "10.0.0"
        }
      },
      "Microsoft.Extensions.DependencyInjection.Abstractions": {
        "type": "CentralTransitive",
        "requested": "[10.0.0, )",
        "resolved": "10.0.0",
        "contentHash": "L3AdmZ1WOK4XXT5YFPEwyt0ep6l8lGIPs7F5OOBZc77Zqeo01Of7XXICy47628sdVl0v/owxYJTe86DTgFwKCA=="
      },
      "Microsoft.Extensions.Http": {
        "type": "CentralTransitive",
        "requested": "[10.0.0, )",
        "resolved": "10.0.0",
        "contentHash": "r+mSvm/Ryc/iYcc9zcUG5VP9EBB8PL1rgVU6macEaYk45vmGRk9PntM3aynFKN6s3Q4WW36kedTycIctctpTUQ==",
        "dependencies": {
          "Microsoft.Extensions.Configuration.Abstractions": "10.0.0",
          "Microsoft.Extensions.DependencyInjection.Abstractions": "10.0.0",
          "Microsoft.Extensions.Diagnostics": "10.0.0",
          "Microsoft.Extensions.Logging": "10.0.0",
          "Microsoft.Extensions.Logging.Abstractions": "10.0.0",
          "Microsoft.Extensions.Options": "10.0.0"
        }
      },
      "Microsoft.Extensions.Logging": {
        "type": "CentralTransitive",
        "requested": "[10.0.0, )",
        "resolved": "10.0.0",
        "contentHash": "BStFkd5CcnEtarlcgYDBcFzGYCuuNMzPs02wN3WBsOFoYIEmYoUdAiU+au6opzoqfTYJsMTW00AeqDdnXH2CvA==",
        "dependencies": {
          "Microsoft.Extensions.DependencyInjection": "10.0.0",
          "Microsoft.Extensions.Logging.Abstractions": "10.0.0",
          "Microsoft.Extensions.Options": "10.0.0"
        }
      },
      "Microsoft.Extensions.Logging.Abstractions": {
        "type": "CentralTransitive",
        "requested": "[10.0.0, )",
        "resolved": "10.0.0",
        "contentHash": "FU/IfjDfwaMuKr414SSQNTIti/69bHEMb+QKrskRb26oVqpx3lNFXMjs/RC9ZUuhBhcwDM2BwOgoMw+PZ+beqQ==",
        "dependencies": {
          "Microsoft.Extensions.DependencyInjection.Abstractions": "10.0.0"
        }
      }
    },
    "net10.0-windows10.0.19041/win-x64": {
      "Microsoft.Graphics.Win2D": {
        "type": "Transitive",
        "resolved": "1.3.2",
        "contentHash": "xAv4+Xj8wePW1innIUSXebX6UHMGDzOxwKPwYNUNY7mBrsRL/hPFEtuPLpBSxc3iBnuaCogPDCDeN7T4b1xV0Q==",
        "dependencies": {
          "Microsoft.WindowsAppSDK": "1.6.241114003"
        }
      },
      "Microsoft.Web.WebView2": {
        "type": "Transitive",
        "resolved": "1.0.3179.45",
        "contentHash": "3pokSH5CnN0G6rGhGFo1y87inxYhNxBQ2Vdf0wlvBj99KHxQJormjDACmqRnFeUsmuNFIhWwfAL1ztq7wD5qRA=="
      },
      "Microsoft.WindowsAppSDK.Foundation": {
        "type": "Transitive",
        "resolved": "1.8.260505001",
        "contentHash": "41SSoEn3sKKCAVPA/w18zVJwV1C7aDEkPS2f6Zyp19m27tDEmteEp0XS3Ln3b0ElYR4FfPEPvIDbJPSA9vePGw==",
        "dependencies": {
          "Microsoft.WindowsAppSDK.Base": "1.8.251216001",
          "Microsoft.WindowsAppSDK.InteractiveExperiences": "1.8.260430001"
        }
      },
      "System.Speech": {
        "type": "Transitive",
        "resolved": "9.0.5",
        "contentHash": "nPZ2rcEVaZlxaLwBamFzz8f5MVM7Y08kzmDbcedXgeSWCGS9NN8mFjSsuTZm3W5pQLI4QhHmcu4h7A0Wf+cD/Q=="
      }
    }
  }
}